
Microsoft Visual Studio Solution File, Format Version 12.00
# Visual Studio 14
VisualStudioVersion = 14.0.25420.1
MinimumVisualStudioVersion = 10.0.40219.1
Project("{FAE04EC0-301F-11D3-BF4B-00C04F79EFBC}") = "ImagingBaseSample", "ImagingBaseSample.csproj", "{323FBD47-D442-4578-B1B0-BDC3E79CB721}"
EndProject
Global
	GlobalSection(SolutionConfigurationPlatforms) = preSolution
		Debug|Any CPU = Debug|Any CPU
		Release|Any CPU = Release|Any CPU
	EndGlobalSection
	GlobalSection(ProjectConfigurationPlatforms) = postSolution
		{323FBD47-D442-4578-B1B0-BDC3E79CB721}.Debug|Any CPU.ActiveCfg = Debug|Any CPU
		{323FBD47-D442-4578-B1B0-BDC3E79CB721}.Debug|Any CPU.Build.0 = Debug|Any CPU
		{323FBD47-D442-4578-B1B0-BDC3E79CB721}.Release|Any CPU.ActiveCfg = Release|Any CPU
		{323FBD47-D442-4578-B1B0-BDC3E79CB721}.Release|Any CPU.Build.0 = Release|Any CPU
	EndGlobalSection
	GlobalSection(SolutionProperties) = preSolution
		HideSolutionNode = FALSE
	EndGlobalSection
EndGlobal
